
Microsoft Visual Studio Solution File, Format Version 12.00
# Visual Studio Version 16
VisualStudioVersion = 16.0.30907.101
MinimumVisualStudioVersion = 10.0.40219.1
Project("{FAE04EC0-301F-11D3-BF4B-00C04F79EFBC}") = "CompressedIndex", "CompressedIndex\CompressedIndex.csproj", "{95320A8E-623E-494B-BE29-BEB2554361E3}"
EndProject
Global
	GlobalSection(SolutionConfigurationPlatforms) = preSolution
		Debug|Any CPU = Debug|Any CPU
		Release|Any CPU = Release|Any CPU
	EndGlobalSection
	GlobalSection(ProjectConfigurationPlatforms) = postSolution
		{95320A8E-623E-494B-BE29-BEB2554361E3}.Debug|Any CPU.ActiveCfg = Debug|Any CPU
		{95320A8E-623E-494B-BE29-BEB2554361E3}.Debug|Any CPU.Build.0 = Debug|Any CPU
		{95320A8E-623E-494B-BE29-BEB2554361E3}.Release|Any CPU.ActiveCfg = Release|Any CPU
		{95320A8E-623E-494B-BE29-BEB2554361E3}.Release|Any CPU.Build.0 = Release|Any CPU
	EndGlobalSection
	GlobalSection(SolutionProperties) = preSolution
		HideSolutionNode = FALSE
	EndGlobalSection
	GlobalSection(ExtensibilityGlobals) = postSolution
		SolutionGuid = {97AF7742-7685-447F-8431-2FE8D700A743}
	EndGlobalSection
EndGlobal
